<?xml version="1.0" encoding="utf-8"?>
<Project ToolsVersion="4.0" xmlns="http://schemas.microsoft.com/developer/msbuild/2003">
  <ItemGroup>
    <Filter Include="Source Files">
      <UniqueIdentifier>{2e3b1453-112c-4fa8-8b86-01cd752ce0ea}</UniqueIdentifier>
      <Extensions>cpp;c;cc;cxx;def;idl;odl</Extensions>
    </Filter>
    <Filter Include="Include Files">
      <UniqueIdentifier>{98353d9c-e923-46ac-a171-ee1fe9c4bdc5}</UniqueIdentifier>
      <Extensions>h;hh;hxx</Extensions>
    </Filter>
    <Filter Include="Resource Files">
      <UniqueIdentifier>{3751f448-2d2b-44c7-8d7d-c889deda0efa}</UniqueIdentifier>
      <Extensions>rc;ico;bmp;cur;jpg;gif</Extensions>
    </Filter>
    <Filter Include="Miscellaneous Files">
      <UniqueIdentifier>{abc99440-5af3-442d-8223-985bbb337ddf}</UniqueIdentifier>
      <Extensions>reg;rgs;mak;clw;vsdir;vsz;css;inf;vcproj;csproj</Extensions>
    </Filter>
  </ItemGroup>
  <ItemGroup>
    <ClCompile Include="acrxEntryPoint.cpp">
      <Filter>Source Files</Filter>
    </ClCompile>
    <ClCompile Include="AdnAssocConstraintAPI.cpp">
      <Filter>Source Files</Filter>
    </ClCompile>
    <ClCompile Include="ADNAssocCreateConstraint.cpp">
      <Filter>Source Files</Filter>
    </ClCompile>
    <ClCompile Include="ADNAssocSampleUtils.cpp">
      <Filter>Source Files</Filter>
    </ClCompile>
    <ClCompile Include="StdAfx.cpp">
      <Filter>Source Files</Filter>
    </ClCompile>
    <ClCompile Include="AdnConstraintEvaluationCallback.cpp">
      <Filter>Source Files</Filter>
    </ClCompile>
  </ItemGroup>
  <ItemGroup>
    <ClInclude Include="AdnAssocConstraintAPI.h">
      <Filter>Include Files</Filter>
    </ClInclude>
    <ClInclude Include="ADNAssocCreateConstraint.h">
      <Filter>Include Files</Filter>
    </ClInclude>
    <ClInclude Include="ADNAssocSampleUtils.h">
      <Filter>Include Files</Filter>
    </ClInclude>
    <ClInclude Include="Resource.h">
      <Filter>Include Files</Filter>
    </ClInclude>
    <ClInclude Include="StdAfx.h">
      <Filter>Include Files</Filter>
    </ClInclude>
    <ClInclude Include="AdnConstraintEvaluationCallback.h">
      <Filter>Include Files</Filter>
    </ClInclude>
  </ItemGroup>
  <ItemGroup>
    <ResourceCompile Include="AdnAssocConstraintAPI.rc">
      <Filter>Resource Files</Filter>
    </ResourceCompile>
  </ItemGroup>
</Project>